
Microsoft Visual Studio Solution File, Format Version 12.00
# Visual Studio 14
VisualStudioVersion = 14.0.25420.1
MinimumVisualStudioVersion = 10.0.40219.1
Project("{FAE04EC0-301F-11D3-BF4B-00C04F79EFBC}") = "CODEiverse.OST.CommandLineTools.CLBCUriToFile", "Microsoft\CommandLineTools\CLBCUriToFile\CODEiverse.OST.CommandLineTools.CLBCUriToFile.csproj", "{5237EF7B-7445-4911-A639-30F113376366}"
EndProject
Project("{2150E333-8FDC-42A3-9474-1A3956D46DE8}") = "Common", "Common", "{AA0428EF-413D-4C59-AEBC-2D870899DA3C}"
EndProject
Project("{FAE04EC0-301F-11D3-BF4B-00C04F79EFBC}") = "CODEiverse.OST.Lib", "Microsoft\Common\Lib\CODEiverse.OST.Lib.csproj", "{AF51F8DF-6F98-4210-8C79-EF3CACEF0B30}"
EndProject
Project("{2150E333-8FDC-42A3-9474-1A3956D46DE8}") = "CommandLineTools", "CommandLineTools", "{64E10561-ED37-4CD7-B1CF-DD836D02AD9D}"
EndProject
Project("{2150E333-8FDC-42A3-9474-1A3956D46DE8}") = "Setup", "Setup", "{0996D0AE-BA82-4C1C-9D23-E7523CE4A484}"
EndProject
Global
	GlobalSection(SolutionConfigurationPlatforms) = preSolution
		Debug|Any CPU = Debug|Any CPU
		Release|Any CPU = Release|Any CPU
	EndGlobalSection
	GlobalSection(ProjectConfigurationPlatforms) = postSolution
		{5237EF7B-7445-4911-A639-30F113376366}.Debug|Any CPU.ActiveCfg = Debug|Any CPU
		{5237EF7B-7445-4911-A639-30F113376366}.Debug|Any CPU.Build.0 = Debug|Any CPU
		{5237EF7B-7445-4911-A639-30F113376366}.Release|Any CPU.ActiveCfg = Release|Any CPU
		{5237EF7B-7445-4911-A639-30F113376366}.Release|Any CPU.Build.0 = Release|Any CPU
		{AF51F8DF-6F98-4210-8C79-EF3CACEF0B30}.Debug|Any CPU.ActiveCfg = Debug|Any CPU
		{AF51F8DF-6F98-4210-8C79-EF3CACEF0B30}.Debug|Any CPU.Build.0 = Debug|Any CPU
		{AF51F8DF-6F98-4210-8C79-EF3CACEF0B30}.Release|Any CPU.ActiveCfg = Release|Any CPU
		{AF51F8DF-6F98-4210-8C79-EF3CACEF0B30}.Release|Any CPU.Build.0 = Release|Any CPU
	EndGlobalSection
	GlobalSection(SolutionProperties) = preSolution
		HideSolutionNode = FALSE
	EndGlobalSection
	GlobalSection(NestedProjects) = preSolution
		{5237EF7B-7445-4911-A639-30F113376366} = {64E10561-ED37-4CD7-B1CF-DD836D02AD9D}
		{AF51F8DF-6F98-4210-8C79-EF3CACEF0B30} = {AA0428EF-413D-4C59-AEBC-2D870899DA3C}
	EndGlobalSection
EndGlobal
