
Microsoft Visual Studio Solution File, Format Version 12.00
# Visual Studio 14
VisualStudioVersion = 14.0.25420.1
MinimumVisualStudioVersion = 10.0.40219.1
Project("{2150E333-8FDC-42A3-9474-1A3956D46DE8}") = "Common", "Common", "{AA0428EF-413D-4C59-AEBC-2D870899DA3C}"
EndProject
Project("{FAE04EC0-301F-11D3-BF4B-00C04F79EFBC}") = "CODEiverse.OST.Lib", "Microsoft\Common\Lib\CODEiverse.OST.Lib.csproj", "{AF51F8DF-6F98-4210-8C79-EF3CACEF0B30}"
EndProject
Project("{2150E333-8FDC-42A3-9474-1A3956D46DE8}") = "CommandLineTools", "CommandLineTools", "{64E10561-ED37-4CD7-B1CF-DD836D02AD9D}"
EndProject
Project("{2150E333-8FDC-42A3-9474-1A3956D46DE8}") = "Setup", "Setup", "{0996D0AE-BA82-4C1C-9D23-E7523CE4A484}"
EndProject
Project("{E24C65DC-7377-472B-9ABA-BC803B73C61A}") = "SDK", "SDK\", "{688EA5F9-65DB-4568-9B61-83B27EE868F4}"
	ProjectSection(WebsiteProperties) = preProject
		TargetFrameworkMoniker = ".NETFramework,Version%3Dv4.0"
		Debug.AspNetCompiler.VirtualPath = "/localhost_61727"
		Debug.AspNetCompiler.PhysicalPath = "SDK\"
		Debug.AspNetCompiler.TargetPath = "PrecompiledWeb\localhost_61727\"
		Debug.AspNetCompiler.Updateable = "true"
		Debug.AspNetCompiler.ForceOverwrite = "true"
		Debug.AspNetCompiler.FixedNames = "false"
		Debug.AspNetCompiler.Debug = "True"
		Release.AspNetCompiler.VirtualPath = "/localhost_61727"
		Release.AspNetCompiler.PhysicalPath = "SDK\"
		Release.AspNetCompiler.TargetPath = "PrecompiledWeb\localhost_61727\"
		Release.AspNetCompiler.Updateable = "true"
		Release.AspNetCompiler.ForceOverwrite = "true"
		Release.AspNetCompiler.FixedNames = "false"
		Release.AspNetCompiler.Debug = "False"
		VWDPort = "61727"
		SlnRelativePath = "SDK\"
	EndProjectSection
EndProject
Project("{FAE04EC0-301F-11D3-BF4B-00C04F79EFBC}") = "CLBCCsvToXml", "Microsoft\CommandLineTools\CLBCCsvToXml\CLBCCsvToXml.csproj", "{EDA851FE-DBE3-46B3-9BD2-830A1E5097F0}"
EndProject
Project("{FAE04EC0-301F-11D3-BF4B-00C04F79EFBC}") = "CLBCUriToFile", "Microsoft\CommandLineTools\CLBCUriToFile\CLBCUriToFile.csproj", "{ABEBE960-5FBB-4D57-AEE4-C7281D6F8F20}"
EndProject
Project("{FAE04EC0-301F-11D3-BF4B-00C04F79EFBC}") = "CLBCXsltProc", "Microsoft\CommandLineTools\CLBCXsltProc\CLBCXsltProc.csproj", "{3FE4AEC1-199D-4017-817E-CC37B1487916}"
EndProject
Project("{FAE04EC0-301F-11D3-BF4B-00C04F79EFBC}") = "CLBCFileSetToFiles", "Microsoft\CommandLineTools\CLBCFileSetToFiles\CLBCFileSetToFiles.csproj", "{73196E5C-7506-4424-93DC-8F01450FEA45}"
EndProject
Project("{54435603-DBB4-11D2-8724-00A0C9A8B90C}") = "CODEiverse Open Source Tools", "Setup\CODEiverse Open Source Tools.vdproj", "{40905527-6C4C-4883-88CC-5AC2FFD06AB5}"
EndProject
Project("{FAE04EC0-301F-11D3-BF4B-00C04F79EFBC}") = "CLBCJsonToXml", "Microsoft\CommandLineTools\CLBCJsonToXml\CLBCJsonToXml.csproj", "{84F32C1A-44CB-407B-A50A-87CC9FDFC439}"
EndProject
Project("{FAE04EC0-301F-11D3-BF4B-00C04F79EFBC}") = "CLBCXmlToJson", "Microsoft\CommandLineTools\CLBCXmlToJson\CLBCXmlToJson.csproj", "{32486B3F-4BA8-442F-8748-7C8FB2B69EB4}"
EndProject
Project("{FAE04EC0-301F-11D3-BF4B-00C04F79EFBC}") = "CLBCXsdFromXml", "Microsoft\CommandLineTools\CLBCXsdFromXml\CLBCXsdFromXml.csproj", "{6BDD8F02-EC35-4249-83C6-36996BE2BB9D}"
EndProject
Project("{FAE04EC0-301F-11D3-BF4B-00C04F79EFBC}") = "CLBCMSSQLDbToXml", "Microsoft\CommandLineTools\CLBCMSSQLDbToXml\CLBCMSSQLDbToXml.csproj", "{8BE12D5D-66CB-4ECF-BD83-8D54AB9ED136}"
EndProject
Project("{FAE04EC0-301F-11D3-BF4B-00C04F79EFBC}") = "CLBCHtmlToXml", "Microsoft\CommandLineTools\CLBCHtmlToXml\CLBCHtmlToXml.csproj", "{C7E47013-4710-4B4E-BA55-061D9DB3723D}"
EndProject
Project("{E24C65DC-7377-472B-9ABA-BC803B73C61A}") = "CommandLineTools", "Microsoft\CommandLineTools\", "{FE844DB7-4FA8-45A7-B3CE-CB39F25C37A3}"
	ProjectSection(WebsiteProperties) = preProject
		TargetFrameworkMoniker = ".NETFramework,Version%3Dv4.0"
		Debug.AspNetCompiler.VirtualPath = "/localhost_60683"
		Debug.AspNetCompiler.PhysicalPath = "Microsoft\CommandLineTools\"
		Debug.AspNetCompiler.TargetPath = "PrecompiledWeb\localhost_60683\"
		Debug.AspNetCompiler.Updateable = "true"
		Debug.AspNetCompiler.ForceOverwrite = "true"
		Debug.AspNetCompiler.FixedNames = "false"
		Debug.AspNetCompiler.Debug = "True"
		Release.AspNetCompiler.VirtualPath = "/localhost_60683"
		Release.AspNetCompiler.PhysicalPath = "Microsoft\CommandLineTools\"
		Release.AspNetCompiler.TargetPath = "PrecompiledWeb\localhost_60683\"
		Release.AspNetCompiler.Updateable = "true"
		Release.AspNetCompiler.ForceOverwrite = "true"
		Release.AspNetCompiler.FixedNames = "false"
		Release.AspNetCompiler.Debug = "False"
		VWDPort = "60683"
		SlnRelativePath = "Microsoft\CommandLineTools\"
	EndProjectSection
EndProject
Project("{FAE04EC0-301F-11D3-BF4B-00C04F79EFBC}") = "CLBCJsonToJs", "Microsoft\CommandLineTools\CLBCJsonToJs\CLBCJsonToJs.csproj", "{1A13C7EF-2395-496F-9793-A64538C16F0B}"
EndProject
Project("{FAE04EC0-301F-11D3-BF4B-00C04F79EFBC}") = "CLBCGetSqlSchema", "Microsoft\CommandLineTools\CLBCGetSqlSchema\CLBCGetSqlSchema.csproj", "{C0D05136-AC25-4C13-AB6E-756EB5FED9D7}"
EndProject
Project("{FAE04EC0-301F-11D3-BF4B-00C04F79EFBC}") = "CLBCMultiLinqualObjectListToResx", "Microsoft\CommandLineTools\CLBCMultiLinqualObjectListToResx\CLBCMultiLinqualObjectListToResx.csproj", "{6A159D08-DAEE-472D-A819-665BDB251801}"
EndProject
Project("{FAE04EC0-301F-11D3-BF4B-00C04F79EFBC}") = "CLBCMultiLinqualPropertyListToResx", "Microsoft\CommandLineTools\CLBCMultiLinqualPropertyListToResx\CLBCMultiLinqualPropertyListToResx.csproj", "{0E2672F8-B00E-4567-8193-BA46325A2CD0}"
EndProject
Project("{FAE04EC0-301F-11D3-BF4B-00C04F79EFBC}") = "CLBCMultiLinqualTokenListToResx", "Microsoft\CommandLineTools\CLBCMultiLinqualTokenListToResx\CLBCMultiLinqualTokenListToResx.csproj", "{26B8112E-25C6-4EB0-A77A-E5275429B28F}"
EndProject
Project("{FAE04EC0-301F-11D3-BF4B-00C04F79EFBC}") = "CLBCOdxmlCleanup", "Microsoft\CommandLineTools\CLBCOdxmlCleanup\CLBCOdxmlCleanup.csproj", "{320C899C-3307-48A7-B51E-8C99C6B8C29F}"
EndProject
Project("{FAE04EC0-301F-11D3-BF4B-00C04F79EFBC}") = "CLBCOdxmlToOdxmlSubset", "Microsoft\CommandLineTools\CLBCOdxmlToOdxmlSubset\CLBCOdxmlToOdxmlSubset.csproj", "{6D7F0A85-1015-46BC-9B78-15065431568D}"
EndProject
Project("{FAE04EC0-301F-11D3-BF4B-00C04F79EFBC}") = "CLBCOdxmlToUpdateSqlSchema", "Microsoft\CommandLineTools\CLBCOdxmlToUpdateSqlSchema\CLBCOdxmlToUpdateSqlSchema.csproj", "{A38B6E11-6B93-4E25-B668-B09CC369491F}"
EndProject
Project("{FAE04EC0-301F-11D3-BF4B-00C04F79EFBC}") = "CLBCSqlSchemaToOdxml", "Microsoft\CommandLineTools\CLBCSqlSchemaToOdxml\CLBCSqlSchemaToOdxml.csproj", "{E1B03A40-390C-4BF9-AB84-47742D6DD93A}"
EndProject
Project("{FAE04EC0-301F-11D3-BF4B-00C04F79EFBC}") = "CLBCStaticDataToUpdateInsertSqlData", "Microsoft\CommandLineTools\CLBCStaticDataToUpdateInsertSqlData\CLBCStaticDataToUpdateInsertSqlData.csproj", "{E6D39F19-741E-4FA6-ABAB-07D29C95AE03}"
EndProject
Project("{FAE04EC0-301F-11D3-BF4B-00C04F79EFBC}") = "CLBCOdxmlToSqlSchema", "Microsoft\CommandLineTools\CLBCOdxmlToSqlSchema\CLBCOdxmlToSqlSchema.csproj", "{8B37766D-1804-4F14-8061-1206D44F58F6}"
EndProject
Project("{FAE04EC0-301F-11D3-BF4B-00C04F79EFBC}") = "CLBCXsdToOdxml", "Microsoft\CommandLineTools\CLBCXsdToOdxml\CLBCXsdToOdxml.csproj", "{7EEEC9E7-654F-461C-B520-D4F5C259C8B1}"
EndProject
Global
	GlobalSection(SolutionConfigurationPlatforms) = preSolution
		Debug|Any CPU = Debug|Any CPU
		Release|Any CPU = Release|Any CPU
	EndGlobalSection
	GlobalSection(ProjectConfigurationPlatforms) = postSolution
		{AF51F8DF-6F98-4210-8C79-EF3CACEF0B30}.Debug|Any CPU.ActiveCfg = Debug|Any CPU
		{AF51F8DF-6F98-4210-8C79-EF3CACEF0B30}.Debug|Any CPU.Build.0 = Debug|Any CPU
		{AF51F8DF-6F98-4210-8C79-EF3CACEF0B30}.Release|Any CPU.ActiveCfg = Release|Any CPU
		{AF51F8DF-6F98-4210-8C79-EF3CACEF0B30}.Release|Any CPU.Build.0 = Release|Any CPU
		{688EA5F9-65DB-4568-9B61-83B27EE868F4}.Debug|Any CPU.ActiveCfg = Debug|Any CPU
		{688EA5F9-65DB-4568-9B61-83B27EE868F4}.Debug|Any CPU.Build.0 = Debug|Any CPU
		{688EA5F9-65DB-4568-9B61-83B27EE868F4}.Release|Any CPU.ActiveCfg = Debug|Any CPU
		{688EA5F9-65DB-4568-9B61-83B27EE868F4}.Release|Any CPU.Build.0 = Debug|Any CPU
		{EDA851FE-DBE3-46B3-9BD2-830A1E5097F0}.Debug|Any CPU.ActiveCfg = Debug|Any CPU
		{EDA851FE-DBE3-46B3-9BD2-830A1E5097F0}.Debug|Any CPU.Build.0 = Debug|Any CPU
		{EDA851FE-DBE3-46B3-9BD2-830A1E5097F0}.Release|Any CPU.ActiveCfg = Release|Any CPU
		{EDA851FE-DBE3-46B3-9BD2-830A1E5097F0}.Release|Any CPU.Build.0 = Release|Any CPU
		{ABEBE960-5FBB-4D57-AEE4-C7281D6F8F20}.Debug|Any CPU.ActiveCfg = Debug|Any CPU
		{ABEBE960-5FBB-4D57-AEE4-C7281D6F8F20}.Debug|Any CPU.Build.0 = Debug|Any CPU
		{ABEBE960-5FBB-4D57-AEE4-C7281D6F8F20}.Release|Any CPU.ActiveCfg = Release|Any CPU
		{ABEBE960-5FBB-4D57-AEE4-C7281D6F8F20}.Release|Any CPU.Build.0 = Release|Any CPU
		{3FE4AEC1-199D-4017-817E-CC37B1487916}.Debug|Any CPU.ActiveCfg = Debug|Any CPU
		{3FE4AEC1-199D-4017-817E-CC37B1487916}.Debug|Any CPU.Build.0 = Debug|Any CPU
		{3FE4AEC1-199D-4017-817E-CC37B1487916}.Release|Any CPU.ActiveCfg = Release|Any CPU
		{3FE4AEC1-199D-4017-817E-CC37B1487916}.Release|Any CPU.Build.0 = Release|Any CPU
		{73196E5C-7506-4424-93DC-8F01450FEA45}.Debug|Any CPU.ActiveCfg = Debug|Any CPU
		{73196E5C-7506-4424-93DC-8F01450FEA45}.Debug|Any CPU.Build.0 = Debug|Any CPU
		{73196E5C-7506-4424-93DC-8F01450FEA45}.Release|Any CPU.ActiveCfg = Release|Any CPU
		{73196E5C-7506-4424-93DC-8F01450FEA45}.Release|Any CPU.Build.0 = Release|Any CPU
		{40905527-6C4C-4883-88CC-5AC2FFD06AB5}.Debug|Any CPU.ActiveCfg = Debug
		{40905527-6C4C-4883-88CC-5AC2FFD06AB5}.Debug|Any CPU.Build.0 = Debug
		{40905527-6C4C-4883-88CC-5AC2FFD06AB5}.Release|Any CPU.ActiveCfg = Release
		{40905527-6C4C-4883-88CC-5AC2FFD06AB5}.Release|Any CPU.Build.0 = Release
		{84F32C1A-44CB-407B-A50A-87CC9FDFC439}.Debug|Any CPU.ActiveCfg = Debug|Any CPU
		{84F32C1A-44CB-407B-A50A-87CC9FDFC439}.Debug|Any CPU.Build.0 = Debug|Any CPU
		{84F32C1A-44CB-407B-A50A-87CC9FDFC439}.Release|Any CPU.ActiveCfg = Release|Any CPU
		{84F32C1A-44CB-407B-A50A-87CC9FDFC439}.Release|Any CPU.Build.0 = Release|Any CPU
		{32486B3F-4BA8-442F-8748-7C8FB2B69EB4}.Debug|Any CPU.ActiveCfg = Debug|Any CPU
		{32486B3F-4BA8-442F-8748-7C8FB2B69EB4}.Debug|Any CPU.Build.0 = Debug|Any CPU
		{32486B3F-4BA8-442F-8748-7C8FB2B69EB4}.Release|Any CPU.ActiveCfg = Release|Any CPU
		{32486B3F-4BA8-442F-8748-7C8FB2B69EB4}.Release|Any CPU.Build.0 = Release|Any CPU
		{6BDD8F02-EC35-4249-83C6-36996BE2BB9D}.Debug|Any CPU.ActiveCfg = Debug|Any CPU
		{6BDD8F02-EC35-4249-83C6-36996BE2BB9D}.Debug|Any CPU.Build.0 = Debug|Any CPU
		{6BDD8F02-EC35-4249-83C6-36996BE2BB9D}.Release|Any CPU.ActiveCfg = Release|Any CPU
		{6BDD8F02-EC35-4249-83C6-36996BE2BB9D}.Release|Any CPU.Build.0 = Release|Any CPU
		{8BE12D5D-66CB-4ECF-BD83-8D54AB9ED136}.Debug|Any CPU.ActiveCfg = Debug|Any CPU
		{8BE12D5D-66CB-4ECF-BD83-8D54AB9ED136}.Debug|Any CPU.Build.0 = Debug|Any CPU
		{8BE12D5D-66CB-4ECF-BD83-8D54AB9ED136}.Release|Any CPU.ActiveCfg = Release|Any CPU
		{8BE12D5D-66CB-4ECF-BD83-8D54AB9ED136}.Release|Any CPU.Build.0 = Release|Any CPU
		{C7E47013-4710-4B4E-BA55-061D9DB3723D}.Debug|Any CPU.ActiveCfg = Debug|Any CPU
		{C7E47013-4710-4B4E-BA55-061D9DB3723D}.Debug|Any CPU.Build.0 = Debug|Any CPU
		{C7E47013-4710-4B4E-BA55-061D9DB3723D}.Release|Any CPU.ActiveCfg = Release|Any CPU
		{C7E47013-4710-4B4E-BA55-061D9DB3723D}.Release|Any CPU.Build.0 = Release|Any CPU
		{FE844DB7-4FA8-45A7-B3CE-CB39F25C37A3}.Debug|Any CPU.ActiveCfg = Debug|Any CPU
		{FE844DB7-4FA8-45A7-B3CE-CB39F25C37A3}.Debug|Any CPU.Build.0 = Debug|Any CPU
		{FE844DB7-4FA8-45A7-B3CE-CB39F25C37A3}.Release|Any CPU.ActiveCfg = Debug|Any CPU
		{FE844DB7-4FA8-45A7-B3CE-CB39F25C37A3}.Release|Any CPU.Build.0 = Debug|Any CPU
		{1A13C7EF-2395-496F-9793-A64538C16F0B}.Debug|Any CPU.ActiveCfg = Debug|Any CPU
		{1A13C7EF-2395-496F-9793-A64538C16F0B}.Debug|Any CPU.Build.0 = Debug|Any CPU
		{1A13C7EF-2395-496F-9793-A64538C16F0B}.Release|Any CPU.ActiveCfg = Release|Any CPU
		{1A13C7EF-2395-496F-9793-A64538C16F0B}.Release|Any CPU.Build.0 = Release|Any CPU
		{C0D05136-AC25-4C13-AB6E-756EB5FED9D7}.Debug|Any CPU.ActiveCfg = Debug|Any CPU
		{C0D05136-AC25-4C13-AB6E-756EB5FED9D7}.Debug|Any CPU.Build.0 = Debug|Any CPU
		{C0D05136-AC25-4C13-AB6E-756EB5FED9D7}.Release|Any CPU.ActiveCfg = Release|Any CPU
		{C0D05136-AC25-4C13-AB6E-756EB5FED9D7}.Release|Any CPU.Build.0 = Release|Any CPU
		{6A159D08-DAEE-472D-A819-665BDB251801}.Debug|Any CPU.ActiveCfg = Debug|Any CPU
		{6A159D08-DAEE-472D-A819-665BDB251801}.Debug|Any CPU.Build.0 = Debug|Any CPU
		{6A159D08-DAEE-472D-A819-665BDB251801}.Release|Any CPU.ActiveCfg = Release|Any CPU
		{6A159D08-DAEE-472D-A819-665BDB251801}.Release|Any CPU.Build.0 = Release|Any CPU
		{0E2672F8-B00E-4567-8193-BA46325A2CD0}.Debug|Any CPU.ActiveCfg = Debug|Any CPU
		{0E2672F8-B00E-4567-8193-BA46325A2CD0}.Debug|Any CPU.Build.0 = Debug|Any CPU
		{0E2672F8-B00E-4567-8193-BA46325A2CD0}.Release|Any CPU.ActiveCfg = Release|Any CPU
		{0E2672F8-B00E-4567-8193-BA46325A2CD0}.Release|Any CPU.Build.0 = Release|Any CPU
		{26B8112E-25C6-4EB0-A77A-E5275429B28F}.Debug|Any CPU.ActiveCfg = Debug|Any CPU
		{26B8112E-25C6-4EB0-A77A-E5275429B28F}.Debug|Any CPU.Build.0 = Debug|Any CPU
		{26B8112E-25C6-4EB0-A77A-E5275429B28F}.Release|Any CPU.ActiveCfg = Release|Any CPU
		{26B8112E-25C6-4EB0-A77A-E5275429B28F}.Release|Any CPU.Build.0 = Release|Any CPU
		{320C899C-3307-48A7-B51E-8C99C6B8C29F}.Debug|Any CPU.ActiveCfg = Debug|Any CPU
		{320C899C-3307-48A7-B51E-8C99C6B8C29F}.Debug|Any CPU.Build.0 = Debug|Any CPU
		{320C899C-3307-48A7-B51E-8C99C6B8C29F}.Release|Any CPU.ActiveCfg = Release|Any CPU
		{320C899C-3307-48A7-B51E-8C99C6B8C29F}.Release|Any CPU.Build.0 = Release|Any CPU
		{6D7F0A85-1015-46BC-9B78-15065431568D}.Debug|Any CPU.ActiveCfg = Debug|Any CPU
		{6D7F0A85-1015-46BC-9B78-15065431568D}.Debug|Any CPU.Build.0 = Debug|Any CPU
		{6D7F0A85-1015-46BC-9B78-15065431568D}.Release|Any CPU.ActiveCfg = Release|Any CPU
		{6D7F0A85-1015-46BC-9B78-15065431568D}.Release|Any CPU.Build.0 = Release|Any CPU
		{A38B6E11-6B93-4E25-B668-B09CC369491F}.Debug|Any CPU.ActiveCfg = Debug|Any CPU
		{A38B6E11-6B93-4E25-B668-B09CC369491F}.Debug|Any CPU.Build.0 = Debug|Any CPU
		{A38B6E11-6B93-4E25-B668-B09CC369491F}.Release|Any CPU.ActiveCfg = Release|Any CPU
		{A38B6E11-6B93-4E25-B668-B09CC369491F}.Release|Any CPU.Build.0 = Release|Any CPU
		{E1B03A40-390C-4BF9-AB84-47742D6DD93A}.Debug|Any CPU.ActiveCfg = Debug|Any CPU
		{E1B03A40-390C-4BF9-AB84-47742D6DD93A}.Debug|Any CPU.Build.0 = Debug|Any CPU
		{E1B03A40-390C-4BF9-AB84-47742D6DD93A}.Release|Any CPU.ActiveCfg = Release|Any CPU
		{E1B03A40-390C-4BF9-AB84-47742D6DD93A}.Release|Any CPU.Build.0 = Release|Any CPU
		{E6D39F19-741E-4FA6-ABAB-07D29C95AE03}.Debug|Any CPU.ActiveCfg = Debug|Any CPU
		{E6D39F19-741E-4FA6-ABAB-07D29C95AE03}.Debug|Any CPU.Build.0 = Debug|Any CPU
		{E6D39F19-741E-4FA6-ABAB-07D29C95AE03}.Release|Any CPU.ActiveCfg = Release|Any CPU
		{E6D39F19-741E-4FA6-ABAB-07D29C95AE03}.Release|Any CPU.Build.0 = Release|Any CPU
		{8B37766D-1804-4F14-8061-1206D44F58F6}.Debug|Any CPU.ActiveCfg = Debug|Any CPU
		{8B37766D-1804-4F14-8061-1206D44F58F6}.Debug|Any CPU.Build.0 = Debug|Any CPU
		{8B37766D-1804-4F14-8061-1206D44F58F6}.Release|Any CPU.ActiveCfg = Release|Any CPU
		{8B37766D-1804-4F14-8061-1206D44F58F6}.Release|Any CPU.Build.0 = Release|Any CPU
		{7EEEC9E7-654F-461C-B520-D4F5C259C8B1}.Debug|Any CPU.ActiveCfg = Debug|Any CPU
		{7EEEC9E7-654F-461C-B520-D4F5C259C8B1}.Debug|Any CPU.Build.0 = Debug|Any CPU
		{7EEEC9E7-654F-461C-B520-D4F5C259C8B1}.Release|Any CPU.ActiveCfg = Release|Any CPU
		{7EEEC9E7-654F-461C-B520-D4F5C259C8B1}.Release|Any CPU.Build.0 = Release|Any CPU
	EndGlobalSection
	GlobalSection(SolutionProperties) = preSolution
		HideSolutionNode = FALSE
	EndGlobalSection
	GlobalSection(NestedProjects) = preSolution
		{AF51F8DF-6F98-4210-8C79-EF3CACEF0B30} = {AA0428EF-413D-4C59-AEBC-2D870899DA3C}
		{EDA851FE-DBE3-46B3-9BD2-830A1E5097F0} = {64E10561-ED37-4CD7-B1CF-DD836D02AD9D}
		{ABEBE960-5FBB-4D57-AEE4-C7281D6F8F20} = {64E10561-ED37-4CD7-B1CF-DD836D02AD9D}
		{3FE4AEC1-199D-4017-817E-CC37B1487916} = {64E10561-ED37-4CD7-B1CF-DD836D02AD9D}
		{73196E5C-7506-4424-93DC-8F01450FEA45} = {64E10561-ED37-4CD7-B1CF-DD836D02AD9D}
		{40905527-6C4C-4883-88CC-5AC2FFD06AB5} = {0996D0AE-BA82-4C1C-9D23-E7523CE4A484}
		{84F32C1A-44CB-407B-A50A-87CC9FDFC439} = {64E10561-ED37-4CD7-B1CF-DD836D02AD9D}
		{32486B3F-4BA8-442F-8748-7C8FB2B69EB4} = {64E10561-ED37-4CD7-B1CF-DD836D02AD9D}
		{6BDD8F02-EC35-4249-83C6-36996BE2BB9D} = {64E10561-ED37-4CD7-B1CF-DD836D02AD9D}
		{8BE12D5D-66CB-4ECF-BD83-8D54AB9ED136} = {64E10561-ED37-4CD7-B1CF-DD836D02AD9D}
		{C7E47013-4710-4B4E-BA55-061D9DB3723D} = {64E10561-ED37-4CD7-B1CF-DD836D02AD9D}
		{FE844DB7-4FA8-45A7-B3CE-CB39F25C37A3} = {64E10561-ED37-4CD7-B1CF-DD836D02AD9D}
		{1A13C7EF-2395-496F-9793-A64538C16F0B} = {64E10561-ED37-4CD7-B1CF-DD836D02AD9D}
		{C0D05136-AC25-4C13-AB6E-756EB5FED9D7} = {64E10561-ED37-4CD7-B1CF-DD836D02AD9D}
		{6A159D08-DAEE-472D-A819-665BDB251801} = {64E10561-ED37-4CD7-B1CF-DD836D02AD9D}
		{0E2672F8-B00E-4567-8193-BA46325A2CD0} = {64E10561-ED37-4CD7-B1CF-DD836D02AD9D}
		{26B8112E-25C6-4EB0-A77A-E5275429B28F} = {64E10561-ED37-4CD7-B1CF-DD836D02AD9D}
		{320C899C-3307-48A7-B51E-8C99C6B8C29F} = {64E10561-ED37-4CD7-B1CF-DD836D02AD9D}
		{6D7F0A85-1015-46BC-9B78-15065431568D} = {64E10561-ED37-4CD7-B1CF-DD836D02AD9D}
		{A38B6E11-6B93-4E25-B668-B09CC369491F} = {64E10561-ED37-4CD7-B1CF-DD836D02AD9D}
		{E1B03A40-390C-4BF9-AB84-47742D6DD93A} = {64E10561-ED37-4CD7-B1CF-DD836D02AD9D}
		{E6D39F19-741E-4FA6-ABAB-07D29C95AE03} = {64E10561-ED37-4CD7-B1CF-DD836D02AD9D}
		{8B37766D-1804-4F14-8061-1206D44F58F6} = {64E10561-ED37-4CD7-B1CF-DD836D02AD9D}
		{7EEEC9E7-654F-461C-B520-D4F5C259C8B1} = {64E10561-ED37-4CD7-B1CF-DD836D02AD9D}
	EndGlobalSection
EndGlobal
